
Microsoft Visual Studio Solution File, Format Version 12.00
# Visual Studio Version 16
VisualStudioVersion = 16.0.31702.278
MinimumVisualStudioVersion = 10.0.40219.1
Project("{FAE04EC0-301F-11D3-BF4B-00C04F79EFBC}") = "Carsimulator", "Carsimulator\Carsimulator.csproj", "{6665DD03-BD68-45F7-9BBE-156923452139}"
EndProject
Global
	GlobalSection(SolutionConfigurationPlatforms) = preSolution
		Debug|Any CPU = Debug|Any CPU
		Release|Any CPU = Release|Any CPU
	EndGlobalSection
	GlobalSection(ProjectConfigurationPlatforms) = postSolution
		{6665DD03-BD68-45F7-9BBE-156923452139}.Debug|Any CPU.ActiveCfg = Debug|Any CPU
		{6665DD03-BD68-45F7-9BBE-156923452139}.Debug|Any CPU.Build.0 = Debug|Any CPU
		{6665DD03-BD68-45F7-9BBE-156923452139}.Release|Any CPU.ActiveCfg = Release|Any CPU
		{6665DD03-BD68-45F7-9BBE-156923452139}.Release|Any CPU.Build.0 = Release|Any CPU
	EndGlobalSection
	GlobalSection(SolutionProperties) = preSolution
		HideSolutionNode = FALSE
	EndGlobalSection
	GlobalSection(ExtensibilityGlobals) = postSolution
		SolutionGuid = {E3139F6B-9595-40F4-9AC5-E88CDEDA1AF0}
	EndGlobalSection
EndGlobal
